
Microsoft Visual Studio Solution File, Format Version 12.00
# Visual Studio 15
VisualStudioVersion = 15.0.28307.168
MinimumVisualStudioVersion = 10.0.40219.1
Project("{FAE04EC0-301F-11D3-BF4B-00C04F79EFBC}") = "ConsoleUI", "ConsoleUI\ConsoleUI.csproj", "{EB6B647E-0B70-4D34-8CA9-B4F8BBC157CA}"
EndProject
Global
	GlobalSection(SolutionConfigurationPlatforms) = preSolution
		Debug|Any CPU = Debug|Any CPU
		Release|Any CPU = Release|Any CPU
	EndGlobalSection
	GlobalSection(ProjectConfigurationPlatforms) = postSolution
		{EB6B647E-0B70-4D34-8CA9-B4F8BBC157CA}.Debug|Any CPU.ActiveCfg = Debug|Any CPU
		{EB6B647E-0B70-4D34-8CA9-B4F8BBC157CA}.Debug|Any CPU.Build.0 = Debug|Any CPU
		{EB6B647E-0B70-4D34-8CA9-B4F8BBC157CA}.Release|Any CPU.ActiveCfg = Release|Any CPU
		{EB6B647E-0B70-4D34-8CA9-B4F8BBC157CA}.Release|Any CPU.Build.0 = Release|Any CPU
	EndGlobalSection
	GlobalSection(SolutionProperties) = preSolution
		HideSolutionNode = FALSE
	EndGlobalSection
	GlobalSection(ExtensibilityGlobals) = postSolution
		SolutionGuid = {08522E9C-FF2E-4119-AB1F-2F898F4B0EDB}
	EndGlobalSection
EndGlobal
