
Microsoft Visual Studio Solution File, Format Version 12.00
# Visual Studio 15
VisualStudioVersion = 15.0.26403.7
MinimumVisualStudioVersion = 10.0.40219.1
Project("{FAE04EC0-301F-11D3-BF4B-00C04F79EFBC}") = "ConsoleUI", "ConsoleUI\ConsoleUI.csproj", "{AED9EFE8-93E9-4B57-8D13-0C41AA563FF3}"
EndProject
Project("{FAE04EC0-301F-11D3-BF4B-00C04F79EFBC}") = "StoreLibrary", "StoreLibrary\StoreLibrary.csproj", "{6CF8E948-F8A6-4CDC-BB35-25E260A150A5}"
EndProject
Global
	GlobalSection(SolutionConfigurationPlatforms) = preSolution
		Debug|Any CPU = Debug|Any CPU
		Release|Any CPU = Release|Any CPU
	EndGlobalSection
	GlobalSection(ProjectConfigurationPlatforms) = postSolution
		{AED9EFE8-93E9-4B57-8D13-0C41AA563FF3}.Debug|Any CPU.ActiveCfg = Debug|Any CPU
		{AED9EFE8-93E9-4B57-8D13-0C41AA563FF3}.Debug|Any CPU.Build.0 = Debug|Any CPU
		{AED9EFE8-93E9-4B57-8D13-0C41AA563FF3}.Release|Any CPU.ActiveCfg = Release|Any CPU
		{AED9EFE8-93E9-4B57-8D13-0C41AA563FF3}.Release|Any CPU.Build.0 = Release|Any CPU
		{6CF8E948-F8A6-4CDC-BB35-25E260A150A5}.Debug|Any CPU.ActiveCfg = Debug|Any CPU
		{6CF8E948-F8A6-4CDC-BB35-25E260A150A5}.Debug|Any CPU.Build.0 = Debug|Any CPU
		{6CF8E948-F8A6-4CDC-BB35-25E260A150A5}.Release|Any CPU.ActiveCfg = Release|Any CPU
		{6CF8E948-F8A6-4CDC-BB35-25E260A150A5}.Release|Any CPU.Build.0 = Release|Any CPU
	EndGlobalSection
	GlobalSection(SolutionProperties) = preSolution
		HideSolutionNode = FALSE
	EndGlobalSection
EndGlobal
