
Microsoft Visual Studio Solution File, Format Version 12.00
# Visual Studio 15
VisualStudioVersion = 15.0.28307.168
MinimumVisualStudioVersion = 10.0.40219.1
Project("{FAE04EC0-301F-11D3-BF4B-00C04F79EFBC}") = "ConsoleUI", "ConsoleUI\ConsoleUI.csproj", "{40F8688F-D65F-4601-B8A5-455BA1DFC8F3}"
EndProject
Project("{FAE04EC0-301F-11D3-BF4B-00C04F79EFBC}") = "ClassLibraryGrade", "ClassLibraryGrade\ClassLibraryGrade.csproj", "{C82C74BE-19DB-4530-852E-45D1F4226A8D}"
EndProject
Global
	GlobalSection(SolutionConfigurationPlatforms) = preSolution
		Debug|Any CPU = Debug|Any CPU
		Release|Any CPU = Release|Any CPU
	EndGlobalSection
	GlobalSection(ProjectConfigurationPlatforms) = postSolution
		{40F8688F-D65F-4601-B8A5-455BA1DFC8F3}.Debug|Any CPU.ActiveCfg = Debug|Any CPU
		{40F8688F-D65F-4601-B8A5-455BA1DFC8F3}.Debug|Any CPU.Build.0 = Debug|Any CPU
		{40F8688F-D65F-4601-B8A5-455BA1DFC8F3}.Release|Any CPU.ActiveCfg = Release|Any CPU
		{40F8688F-D65F-4601-B8A5-455BA1DFC8F3}.Release|Any CPU.Build.0 = Release|Any CPU
		{C82C74BE-19DB-4530-852E-45D1F4226A8D}.Debug|Any CPU.ActiveCfg = Debug|Any CPU
		{C82C74BE-19DB-4530-852E-45D1F4226A8D}.Debug|Any CPU.Build.0 = Debug|Any CPU
		{C82C74BE-19DB-4530-852E-45D1F4226A8D}.Release|Any CPU.ActiveCfg = Release|Any CPU
		{C82C74BE-19DB-4530-852E-45D1F4226A8D}.Release|Any CPU.Build.0 = Release|Any CPU
	EndGlobalSection
	GlobalSection(SolutionProperties) = preSolution
		HideSolutionNode = FALSE
	EndGlobalSection
	GlobalSection(ExtensibilityGlobals) = postSolution
		SolutionGuid = {0471BCCD-BB39-404E-BF6F-241EF698CB8A}
	EndGlobalSection
EndGlobal
