
Microsoft Visual Studio Solution File, Format Version 12.00
# Visual Studio 15
VisualStudioVersion = 15.0.28307.168
MinimumVisualStudioVersion = 10.0.40219.1
Project("{FAE04EC0-301F-11D3-BF4B-00C04F79EFBC}") = "ConsoleUI", "ConsoleUI\ConsoleUI.csproj", "{E29039C0-C8B3-4914-9147-3E4E29CF1F16}"
EndProject
Global
	GlobalSection(SolutionConfigurationPlatforms) = preSolution
		Debug|Any CPU = Debug|Any CPU
		Release|Any CPU = Release|Any CPU
	EndGlobalSection
	GlobalSection(ProjectConfigurationPlatforms) = postSolution
		{E29039C0-C8B3-4914-9147-3E4E29CF1F16}.Debug|Any CPU.ActiveCfg = Debug|Any CPU
		{E29039C0-C8B3-4914-9147-3E4E29CF1F16}.Debug|Any CPU.Build.0 = Debug|Any CPU
		{E29039C0-C8B3-4914-9147-3E4E29CF1F16}.Release|Any CPU.ActiveCfg = Release|Any CPU
		{E29039C0-C8B3-4914-9147-3E4E29CF1F16}.Release|Any CPU.Build.0 = Release|Any CPU
	EndGlobalSection
	GlobalSection(SolutionProperties) = preSolution
		HideSolutionNode = FALSE
	EndGlobalSection
	GlobalSection(ExtensibilityGlobals) = postSolution
		SolutionGuid = {C8ABB24E-6E6A-4943-B15C-7F6D4EC76460}
	EndGlobalSection
EndGlobal
